
Microsoft Visual Studio Solution File, Format Version 12.00
# Visual Studio Version 17
VisualStudioVersion = 17.7.34031.279
MinimumVisualStudioVersion = 10.0.40219.1
Project("{FAE04EC0-301F-11D3-BF4B-00C04F79EFBC}") = "WPFCustomControls", "WPFCustomControls\WPFCustomControls.csproj", "{BCB583B2-8C29-4B15-B3B7-C2C7D2085DC6}"
EndProject
Project("{FAE04EC0-301F-11D3-BF4B-00C04F79EFBC}") = "WpfCustomControlLibrary1", "WpfCustomControlLibrary1\WpfCustomControlLibrary1.csproj", "{DEF72460-CFE3-4A2C-9034-D0245889D17F}"
EndProject
Global
	GlobalSection(SolutionConfigurationPlatforms) = preSolution
		Debug|Any CPU = Debug|Any CPU
		Release|Any CPU = Release|Any CPU
	EndGlobalSection
	GlobalSection(ProjectConfigurationPlatforms) = postSolution
		{BCB583B2-8C29-4B15-B3B7-C2C7D2085DC6}.Debug|Any CPU.ActiveCfg = Debug|Any CPU
		{BCB583B2-8C29-4B15-B3B7-C2C7D2085DC6}.Debug|Any CPU.Build.0 = Debug|Any CPU
		{BCB583B2-8C29-4B15-B3B7-C2C7D2085DC6}.Release|Any CPU.ActiveCfg = Release|Any CPU
		{BCB583B2-8C29-4B15-B3B7-C2C7D2085DC6}.Release|Any CPU.Build.0 = Release|Any CPU
		{DEF72460-CFE3-4A2C-9034-D0245889D17F}.Debug|Any CPU.ActiveCfg = Debug|Any CPU
		{DEF72460-CFE3-4A2C-9034-D0245889D17F}.Debug|Any CPU.Build.0 = Debug|Any CPU
		{DEF72460-CFE3-4A2C-9034-D0245889D17F}.Release|Any CPU.ActiveCfg = Release|Any CPU
		{DEF72460-CFE3-4A2C-9034-D0245889D17F}.Release|Any CPU.Build.0 = Release|Any CPU
	EndGlobalSection
	GlobalSection(SolutionProperties) = preSolution
		HideSolutionNode = FALSE
	EndGlobalSection
	GlobalSection(ExtensibilityGlobals) = postSolution
		SolutionGuid = {ACF8A146-F165-4890-A2D6-F4210E3D53DA}
	EndGlobalSection
EndGlobal
